// !$*UTF8*$!
{
	archiveVersion = 1;
	classes = {
	};
	objectVersion = 46;
	objects = {

/* Begin PBXBuildFile section */
		B629D97916EDA9A8002D80E4 /* UIKit.framework in Frameworks */ = {isa = PBXBuildFile; fileRef = B629D97816EDA9A8002D80E4 /* UIKit.framework */; };
		B629D97B16EDA9A8002D80E4 /* Foundation.framework in Frameworks */ = {isa = PBXBuildFile; fileRef = B629D97A16EDA9A8002D80E4 /* Foundation.framework */; };
		B629D97D16EDA9A8002D80E4 /* CoreGraphics.framework in Frameworks */ = {isa = PBXBuildFile; fileRef = B629D97C16EDA9A8002D80E4 /* CoreGraphics.framework */; };
		B629D98316EDA9A8002D80E4 /* InfoPlist.strings in Resources */ = {isa = PBXBuildFile; fileRef = B629D98116EDA9A8002D80E4 /* InfoPlist.strings */; };
		B629D98516EDA9A8002D80E4 /* main.m in Sources */ = {isa = PBXBuildFile; fileRef = B629D98416EDA9A8002D80E4 /* main.m */; };
		B629D98916EDA9A8002D80E4 /* AppDelegate.m in Sources */ = {isa = PBXBuildFile; fileRef = B629D98816EDA9A8002D80E4 /* AppDelegate.m */; };
		B629D98B16EDA9A8002D80E4 /* Default.png in Resources */ = {isa = PBXBuildFile; fileRef = B629D98A16EDA9A8002D80E4 /* Default.png */; };
		B629D98D16EDA9A8002D80E4 /* Default@2x.png in Resources */ = {isa = PBXBuildFile; fileRef = B629D98C16EDA9A8002D80E4 /* Default@2x.png */; };
		B629D98F16EDA9A8002D80E4 /* Default-568h@2x.png in Resources */ = {isa = PBXBuildFile; fileRef = B629D98E16EDA9A8002D80E4 /* Default-568h@2x.png */; };
		B629D99216EDA9A8002D80E4 /* ViewController.m in Sources */ = {isa = PBXBuildFile; fileRef = B629D99116EDA9A8002D80E4 /* ViewController.m */; };
		B629D99516EDA9A8002D80E4 /* ViewController.xib in Resources */ = {isa = PBXBuildFile; fileRef = B629D99316EDA9A8002D80E4 /* ViewController.xib */; };
		B629D99E16EDAABA002D80E4 /* WZGuideViewController.m in Sources */ = {isa = PBXBuildFile; fileRef = B629D99D16EDAABA002D80E4 /* WZGuideViewController.m */; };
		B6A5AE1616F013F200650AC1 /* 1.png in Resources */ = {isa = PBXBuildFile; fileRef = B6A5AE0E16F013F200650AC1 /* 1.png */; };
		B6A5AE1716F013F200650AC1 /* 1@2x.png in Resources */ = {isa = PBXBuildFile; fileRef = B6A5AE0F16F013F200650AC1 /* 1@2x.png */; };
		B6A5AE1816F013F200650AC1 /* 2.png in Resources */ = {isa = PBXBuildFile; fileRef = B6A5AE1016F013F200650AC1 /* 2.png */; };
		B6A5AE1916F013F200650AC1 /* 2@2x.png in Resources */ = {isa = PBXBuildFile; fileRef = B6A5AE1116F013F200650AC1 /* 2@2x.png */; };
		B6A5AE1A16F013F200650AC1 /* 3.png in Resources */ = {isa = PBXBuildFile; fileRef = B6A5AE1216F013F200650AC1 /* 3.png */; };
		B6A5AE1B16F013F200650AC1 /* 3@2x.png in Resources */ = {isa = PBXBuildFile; fileRef = B6A5AE1316F013F200650AC1 /* 3@2x.png */; };
		B6A5AE1C16F013F200650AC1 /* 4.png in Resources */ = {isa = PBXBuildFile; fileRef = B6A5AE1416F013F200650AC1 /* 4.png */; };
		B6A5AE1D16F013F200650AC1 /* 4@2x.png in Resources */ = {isa = PBXBuildFile; fileRef = B6A5AE1516F013F200650AC1 /* 4@2x.png */; };
		B6E8C69B16EDCA1E00ACE4D1 /* btn_nor.png in Resources */ = {isa = PBXBuildFile; fileRef = B6E8C68916EDCA1E00ACE4D1 /* btn_nor.png */; };
		B6E8C69C16EDCA1E00ACE4D1 /* btn_nor@2x.png in Resources */ = {isa = PBXBuildFile; fileRef = B6E8C68A16EDCA1E00ACE4D1 /* btn_nor@2x.png */; };
		B6E8C69D16EDCA1E00ACE4D1 /* btn_press.png in Resources */ = {isa = PBXBuildFile; fileRef = B6E8C68B16EDCA1E00ACE4D1 /* btn_press.png */; };
		B6E8C69E16EDCA1E00ACE4D1 /* btn_press@2x.png in Resources */ = {isa = PBXBuildFile; fileRef = B6E8C68C16EDCA1E00ACE4D1 /* btn_press@2x.png */; };
		B6E8C69F16EDCA1E00ACE4D1 /* checkBox_blankCheck.png in Resources */ = {isa = PBXBuildFile; fileRef = B6E8C68D16EDCA1E00ACE4D1 /* checkBox_blankCheck.png */; };
		B6E8C6A016EDCA1E00ACE4D1 /* checkBox_blankCheck@2x.png in Resources */ = {isa = PBXBuildFile; fileRef = B6E8C68E16EDCA1E00ACE4D1 /* checkBox_blankCheck@2x.png */; };
		B6E8C6A116EDCA1E00ACE4D1 /* checkBox_selectCheck.png in Resources */ = {isa = PBXBuildFile; fileRef = B6E8C68F16EDCA1E00ACE4D1 /* checkBox_selectCheck.png */; };
		B6E8C6A216EDCA1E00ACE4D1 /* checkBox_selectCheck@2x.png in Resources */ = {isa = PBXBuildFile; fileRef = B6E8C69016EDCA1E00ACE4D1 /* checkBox_selectCheck@2x.png */; };
/* End PBXBuildFile section */

/* Begin PBXFileReference section */
		B629D97516EDA9A8002D80E4 /* WZGuideViewController.app */ = {isa = PBXFileReference; explicitFileType = wrapper.application; includeInIndex = 0; path = WZGuideViewController.app; sourceTree = BUILT_PRODUCTS_DIR; };
		B629D97816EDA9A8002D80E4 /* UIKit.framework */ = {isa = PBXFileReference; lastKnownFileType = wrapper.framework; name = UIKit.framework; path = System/Library/Frameworks/UIKit.framework; sourceTree = SDKROOT; };
		B629D97A16EDA9A8002D80E4 /* Foundation.framework */ = {isa = PBXFileReference; lastKnownFileType = wrapper.framework; name = Foundation.framework; path = System/Library/Frameworks/Foundation.framework; sourceTree = SDKROOT; };
		B629D97C16EDA9A8002D80E4 /* CoreGraphics.framework */ = {isa = PBXFileReference; lastKnownFileType = wrapper.framework; name = CoreGraphics.framework; path = System/Library/Frameworks/CoreGraphics.framework; sourceTree = SDKROOT; };
		B629D98016EDA9A8002D80E4 /* WZGuideViewController-Info.plist */ = {isa = PBXFileReference; lastKnownFileType = text.plist.xml; path = "WZGuideViewController-Info.plist"; sourceTree = "<group>"; };
		B629D98216EDA9A8002D80E4 /* en */ = {isa = PBXFileReference; lastKnownFileType = text.plist.strings; name = en; path = en.lproj/InfoPlist.strings; sourceTree = "<group>"; };
		B629D98416EDA9A8002D80E4 /* main.m */ = {isa = PBXFileReference; lastKnownFileType = sourcecode.c.objc; path = main.m; sourceTree = "<group>"; };
		B629D98616EDA9A8002D80E4 /* WZGuideViewController-Prefix.pch */ = {isa = PBXFileReference; lastKnownFileType = sourcecode.c.h; path = "WZGuideViewController-Prefix.pch"; sourceTree = "<group>"; };
		B629D98716EDA9A8002D80E4 /* AppDelegate.h */ = {isa = PBXFileReference; lastKnownFileType = sourcecode.c.h; path = AppDelegate.h; sourceTree = "<group>"; };
		B629D98816EDA9A8002D80E4 /* AppDelegate.m */ = {isa = PBXFileReference; lastKnownFileType = sourcecode.c.objc; path = AppDelegate.m; sourceTree = "<group>"; };
		B629D98A16EDA9A8002D80E4 /* Default.png */ = {isa = PBXFileReference; lastKnownFileType = image.png; path = Default.png; sourceTree = "<group>"; };
		B629D98C16EDA9A8002D80E4 /* Default@2x.png */ = {isa = PBXFileReference; lastKnownFileType = image.png; path = "Default@2x.png"; sourceTree = "<group>"; };
		B629D98E16EDA9A8002D80E4 /* Default-568h@2x.png */ = {isa = PBXFileReference; lastKnownFileType = image.png; path = "Default-568h@2x.png"; sourceTree = "<group>"; };
		B629D99016EDA9A8002D80E4 /* ViewController.h */ = {isa = PBXFileReference; lastKnownFileType = sourcecode.c.h; path = ViewController.h; sourceTree = "<group>"; };
		B629D99116EDA9A8002D80E4 /* ViewController.m */ = {isa = PBXFileReference; lastKnownFileType = sourcecode.c.objc; path = ViewController.m; sourceTree = "<group>"; };
		B629D99416EDA9A8002D80E4 /* en */ = {isa = PBXFileReference; lastKnownFileType = file.xib; name = en; path = en.lproj/ViewController.xib; sourceTree = "<group>"; };
		B629D99C16EDAABA002D80E4 /* WZGuideViewController.h */ = {isa = PBXFileReference; fileEncoding = 4; lastKnownFileType = sourcecode.c.h; path = WZGuideViewController.h; sourceTree = "<group>"; };
		B629D99D16EDAABA002D80E4 /* WZGuideViewController.m */ = {isa = PBXFileReference; fileEncoding = 4; lastKnownFileType = sourcecode.c.objc; path = WZGuideViewController.m; sourceTree = "<group>"; };
		B6A5AE0E16F013F200650AC1 /* 1.png */ = {isa = PBXFileReference; lastKnownFileType = image.png; path = 1.png; sourceTree = "<group>"; };
		B6A5AE0F16F013F200650AC1 /* 1@2x.png */ = {isa = PBXFileReference; lastKnownFileType = image.png; path = "1@2x.png"; sourceTree = "<group>"; };
		B6A5AE1016F013F200650AC1 /* 2.png */ = {isa = PBXFileReference; lastKnownFileType = image.png; path = 2.png; sourceTree = "<group>"; };
		B6A5AE1116F013F200650AC1 /* 2@2x.png */ = {isa = PBXFileReference; lastKnownFileType = image.png; path = "2@2x.png"; sourceTree = "<group>"; };
		B6A5AE1216F013F200650AC1 /* 3.png */ = {isa = PBXFileReference; lastKnownFileType = image.png; path = 3.png; sourceTree = "<group>"; };
		B6A5AE1316F013F200650AC1 /* 3@2x.png */ = {isa = PBXFileReference; lastKnownFileType = image.png; path = "3@2x.png"; sourceTree = "<group>"; };
		B6A5AE1416F013F200650AC1 /* 4.png */ = {isa = PBXFileReference; lastKnownFileType = image.png; path = 4.png; sourceTree = "<group>"; };
		B6A5AE1516F013F200650AC1 /* 4@2x.png */ = {isa = PBXFileReference; lastKnownFileType = image.png; path = "4@2x.png"; sourceTree = "<group>"; };
		B6E8C68916EDCA1E00ACE4D1 /* btn_nor.png */ = {isa = PBXFileReference; lastKnownFileType = image.png; path = btn_nor.png; sourceTree = "<group>"; };
		B6E8C68A16EDCA1E00ACE4D1 /* btn_nor@2x.png */ = {isa = PBXFileReference; lastKnownFileType = image.png; path = "btn_nor@2x.png"; sourceTree = "<group>"; };
		B6E8C68B16EDCA1E00ACE4D1 /* btn_press.png */ = {isa = PBXFileReference; lastKnownFileType = image.png; path = btn_press.png; sourceTree = "<group>"; };
		B6E8C68C16EDCA1E00ACE4D1 /* btn_press@2x.png */ = {isa = PBXFileReference; lastKnownFileType = image.png; path = "btn_press@2x.png"; sourceTree = "<group>"; };
		B6E8C68D16EDCA1E00ACE4D1 /* checkBox_blankCheck.png */ = {isa = PBXFileReference; lastKnownFileType = image.png; path = checkBox_blankCheck.png; sourceTree = "<group>"; };
		B6E8C68E16EDCA1E00ACE4D1 /* checkBox_blankCheck@2x.png */ = {isa = PBXFileReference; lastKnownFileType = image.png; path = "checkBox_blankCheck@2x.png"; sourceTree = "<group>"; };
		B6E8C68F16EDCA1E00ACE4D1 /* checkBox_selectCheck.png */ = {isa = PBXFileReference; lastKnownFileType = image.png; path = checkBox_selectCheck.png; sourceTree = "<group>"; };
		B6E8C69016EDCA1E00ACE4D1 /* checkBox_selectCheck@2x.png */ = {isa = PBXFileReference; lastKnownFileType = image.png; path = "checkBox_selectCheck@2x.png"; sourceTree = "<group>"; };
/* End PBXFileReference section */

/* Begin PBXFrameworksBuildPhase section */
		B629D97216EDA9A8002D80E4 /* Frameworks */ = {
			isa = PBXFrameworksBuildPhase;
			buildActionMask = 2147483647;
			files = (
				B629D97916EDA9A8002D80E4 /* UIKit.framework in Frameworks */,
				B629D97B16EDA9A8002D80E4 /* Foundation.framework in Frameworks */,
				B629D97D16EDA9A8002D80E4 /* CoreGraphics.framework in Frameworks */,
			);
			runOnlyForDeploymentPostprocessing = 0;
		};
/* End PBXFrameworksBuildPhase section */

/* Begin PBXGroup section */
		B629D96C16EDA9A8002D80E4 = {
			isa = PBXGroup;
			children = (
				B629D97E16EDA9A8002D80E4 /* WZGuideViewController */,
				B629D97716EDA9A8002D80E4 /* Frameworks */,
				B629D97616EDA9A8002D80E4 /* Products */,
			);
			sourceTree = "<group>";
		};
		B629D97616EDA9A8002D80E4 /* Products */ = {
			isa = PBXGroup;
			children = (
				B629D97516EDA9A8002D80E4 /* WZGuideViewController.app */,
			);
			name = Products;
			sourceTree = "<group>";
		};
		B629D97716EDA9A8002D80E4 /* Frameworks */ = {
			isa = PBXGroup;
			children = (
				B629D97816EDA9A8002D80E4 /* UIKit.framework */,
				B629D97A16EDA9A8002D80E4 /* Foundation.framework */,
				B629D97C16EDA9A8002D80E4 /* CoreGraphics.framework */,
			);
			name = Frameworks;
			sourceTree = "<group>";
		};
		B629D97E16EDA9A8002D80E4 /* WZGuideViewController */ = {
			isa = PBXGroup;
			children = (
				B629D99B16EDAA6C002D80E4 /* Classes */,
				B629D98716EDA9A8002D80E4 /* AppDelegate.h */,
				B629D98816EDA9A8002D80E4 /* AppDelegate.m */,
				B629D99016EDA9A8002D80E4 /* ViewController.h */,
				B629D99116EDA9A8002D80E4 /* ViewController.m */,
				B629D99316EDA9A8002D80E4 /* ViewController.xib */,
				B629D97F16EDA9A8002D80E4 /* Supporting Files */,
			);
			path = WZGuideViewController;
			sourceTree = "<group>";
		};
		B629D97F16EDA9A8002D80E4 /* Supporting Files */ = {
			isa = PBXGroup;
			children = (
				B629D9A016EDC0CB002D80E4 /* Image */,
				B629D98016EDA9A8002D80E4 /* WZGuideViewController-Info.plist */,
				B629D98116EDA9A8002D80E4 /* InfoPlist.strings */,
				B629D98416EDA9A8002D80E4 /* main.m */,
				B629D98616EDA9A8002D80E4 /* WZGuideViewController-Prefix.pch */,
				B629D98A16EDA9A8002D80E4 /* Default.png */,
				B629D98C16EDA9A8002D80E4 /* Default@2x.png */,
				B629D98E16EDA9A8002D80E4 /* Default-568h@2x.png */,
			);
			name = "Supporting Files";
			sourceTree = "<group>";
		};
		B629D99B16EDAA6C002D80E4 /* Classes */ = {
			isa = PBXGroup;
			children = (
				B629D99C16EDAABA002D80E4 /* WZGuideViewController.h */,
				B629D99D16EDAABA002D80E4 /* WZGuideViewController.m */,
			);
			name = Classes;
			path = classes;
			sourceTree = "<group>";
		};
		B629D9A016EDC0CB002D80E4 /* Image */ = {
			isa = PBXGroup;
			children = (
				B6A5AE0E16F013F200650AC1 /* 1.png */,
				B6A5AE0F16F013F200650AC1 /* 1@2x.png */,
				B6A5AE1016F013F200650AC1 /* 2.png */,
				B6A5AE1116F013F200650AC1 /* 2@2x.png */,
				B6A5AE1216F013F200650AC1 /* 3.png */,
				B6A5AE1316F013F200650AC1 /* 3@2x.png */,
				B6A5AE1416F013F200650AC1 /* 4.png */,
				B6A5AE1516F013F200650AC1 /* 4@2x.png */,
				B6E8C68916EDCA1E00ACE4D1 /* btn_nor.png */,
				B6E8C68A16EDCA1E00ACE4D1 /* btn_nor@2x.png */,
				B6E8C68B16EDCA1E00ACE4D1 /* btn_press.png */,
				B6E8C68C16EDCA1E00ACE4D1 /* btn_press@2x.png */,
				B6E8C68D16EDCA1E00ACE4D1 /* checkBox_blankCheck.png */,
				B6E8C68E16EDCA1E00ACE4D1 /* checkBox_blankCheck@2x.png */,
				B6E8C68F16EDCA1E00ACE4D1 /* checkBox_selectCheck.png */,
				B6E8C69016EDCA1E00ACE4D1 /* checkBox_selectCheck@2x.png */,
			);
			path = Image;
			sourceTree = "<group>";
		};
/* End PBXGroup section */

/* Begin PBXNativeTarget section */
		B629D97416EDA9A8002D80E4 /* WZGuideViewController */ = {
			isa = PBXNativeTarget;
			buildConfigurationList = B629D99816EDA9A8002D80E4 /* Build configuration list for PBXNativeTarget "WZGuideViewController" */;
			buildPhases = (
				B629D97116EDA9A8002D80E4 /* Sources */,
				B629D97216EDA9A8002D80E4 /* Frameworks */,
				B629D97316EDA9A8002D80E4 /* Resources */,
			);
			buildRules = (
			);
			dependencies = (
			);
			name = WZGuideViewController;
			productName = WZGuideViewController;
			productReference = B629D97516EDA9A8002D80E4 /* WZGuideViewController.app */;
			productType = "com.apple.product-type.application";
		};
/* End PBXNativeTarget section */

/* Begin PBXProject section */
		B629D96D16EDA9A8002D80E4 /* Project object */ = {
			isa = PBXProject;
			attributes = {
				LastUpgradeCheck = 0460;
				ORGANIZATIONNAME = ZhuoYun;
			};
			buildConfigurationList = B629D97016EDA9A8002D80E4 /* Build configuration list for PBXProject "WZGuideViewController" */;
			compatibilityVersion = "Xcode 3.2";
			developmentRegion = English;
			hasScannedForEncodings = 0;
			knownRegions = (
				en,
			);
			mainGroup = B629D96C16EDA9A8002D80E4;
			productRefGroup = B629D97616EDA9A8002D80E4 /* Products */;
			projectDirPath = "";
			projectRoot = "";
			targets = (
				B629D97416EDA9A8002D80E4 /* WZGuideViewController */,
			);
		};
/* End PBXProject section */

/* Begin PBXResourcesBuildPhase section */
		B629D97316EDA9A8002D80E4 /* Resources */ = {
			isa = PBXResourcesBuildPhase;
			buildActionMask = 2147483647;
			files = (
				B629D98316EDA9A8002D80E4 /* InfoPlist.strings in Resources */,
				B629D98B16EDA9A8002D80E4 /* Default.png in Resources */,
				B629D98D16EDA9A8002D80E4 /* Default@2x.png in Resources */,
				B629D98F16EDA9A8002D80E4 /* Default-568h@2x.png in Resources */,
				B629D99516EDA9A8002D80E4 /* ViewController.xib in Resources */,
				B6E8C69B16EDCA1E00ACE4D1 /* btn_nor.png in Resources */,
				B6E8C69C16EDCA1E00ACE4D1 /* btn_nor@2x.png in Resources */,
				B6E8C69D16EDCA1E00ACE4D1 /* btn_press.png in Resources */,
				B6E8C69E16EDCA1E00ACE4D1 /* btn_press@2x.png in Resources */,
				B6E8C69F16EDCA1E00ACE4D1 /* checkBox_blankCheck.png in Resources */,
				B6E8C6A016EDCA1E00ACE4D1 /* checkBox_blankCheck@2x.png in Resources */,
				B6E8C6A116EDCA1E00ACE4D1 /* checkBox_selectCheck.png in Resources */,
				B6E8C6A216EDCA1E00ACE4D1 /* checkBox_selectCheck@2x.png in Resources */,
				B6A5AE1616F013F200650AC1 /* 1.png in Resources */,
				B6A5AE1716F013F200650AC1 /* 1@2x.png in Resources */,
				B6A5AE1816F013F200650AC1 /* 2.png in Resources */,
				B6A5AE1916F013F200650AC1 /* 2@2x.png in Resources */,
				B6A5AE1A16F013F200650AC1 /* 3.png in Resources */,
				B6A5AE1B16F013F200650AC1 /* 3@2x.png in Resources */,
				B6A5AE1C16F013F200650AC1 /* 4.png in Resources */,
				B6A5AE1D16F013F200650AC1 /* 4@2x.png in Resources */,
			);
			runOnlyForDeploymentPostprocessing = 0;
		};
/* End PBXResourcesBuildPhase section */

/* Begin PBXSourcesBuildPhase section */
		B629D97116EDA9A8002D80E4 /* Sources */ = {
			isa = PBXSourcesBuildPhase;
			buildActionMask = 2147483647;
			files = (
				B629D98516EDA9A8002D80E4 /* main.m in Sources */,
				B629D98916EDA9A8002D80E4 /* AppDelegate.m in Sources */,
				B629D99216EDA9A8002D80E4 /* ViewController.m in Sources */,
				B629D99E16EDAABA002D80E4 /* WZGuideViewController.m in Sources */,
			);
			runOnlyForDeploymentPostprocessing = 0;
		};
/* End PBXSourcesBuildPhase section */

/* Begin PBXVariantGroup section */
		B629D98116EDA9A8002D80E4 /* InfoPlist.strings */ = {
			isa = PBXVariantGroup;
			children = (
				B629D98216EDA9A8002D80E4 /* en */,
			);
			name = InfoPlist.strings;
			sourceTree = "<group>";
		};
		B629D99316EDA9A8002D80E4 /* ViewController.xib */ = {
			isa = PBXVariantGroup;
			children = (
				B629D99416EDA9A8002D80E4 /* en */,
			);
			name = ViewController.xib;
			sourceTree = "<group>";
		};
/* End PBXVariantGroup section */

/* Begin XCBuildConfiguration section */
		B629D99616EDA9A8002D80E4 /* Debug */ = {
			isa = XCBuildConfiguration;
			buildSettings = {
				ALWAYS_SEARCH_USER_PATHS = NO;
				CLANG_CXX_LANGUAGE_STANDARD = "gnu++0x";
				CLANG_CXX_LIBRARY = "libc++";
				CLANG_ENABLE_OBJC_ARC = YES;
				CLANG_WARN_CONSTANT_CONVERSION = YES;
				CLANG_WARN_EMPTY_BODY = YES;
				CLANG_WARN_ENUM_CONVERSION = YES;
				CLANG_WARN_INT_CONVERSION = YES;
				CLANG_WARN__DUPLICATE_METHOD_MATCH = YES;
				"CODE_SIGN_IDENTITY[sdk=iphoneos*]" = "iPhone Developer";
				COPY_PHASE_STRIP = NO;
				GCC_C_LANGUAGE_STANDARD = gnu99;
				GCC_DYNAMIC_NO_PIC = NO;
				GCC_OPTIMIZATION_LEVEL = 0;
				GCC_PREPROCESSOR_DEFINITIONS = (
					"DEBUG=1",
					"$(inherited)",
				);
				GCC_SYMBOLS_PRIVATE_EXTERN = NO;
				GCC_WARN_ABOUT_RETURN_TYPE = YES;
				GCC_WARN_UNINITIALIZED_AUTOS = YES;
				GCC_WARN_UNUSED_VARIABLE = YES;
				IPHONEOS_DEPLOYMENT_TARGET = 6.1;
				ONLY_ACTIVE_ARCH = YES;
				SDKROOT = iphoneos;
			};
			name = Debug;
		};
		B629D99716EDA9A8002D80E4 /* Release */ = {
			isa = XCBuildConfiguration;
			buildSettings = {
				ALWAYS_SEARCH_USER_PATHS = NO;
				CLANG_CXX_LANGUAGE_STANDARD = "gnu++0x";
				CLANG_CXX_LIBRARY = "libc++";
				CLANG_ENABLE_OBJC_ARC = YES;
				CLANG_WARN_CONSTANT_CONVERSION = YES;
				CLANG_WARN_EMPTY_BODY = YES;
				CLANG_WARN_ENUM_CONVERSION = YES;
				CLANG_WARN_INT_CONVERSION = YES;
				CLANG_WARN__DUPLICATE_METHOD_MATCH = YES;
				"CODE_SIGN_IDENTITY[sdk=iphoneos*]" = "iPhone Developer";
				COPY_PHASE_STRIP = YES;
				GCC_C_LANGUAGE_STANDARD = gnu99;
				GCC_WARN_ABOUT_RETURN_TYPE = YES;
				GCC_WARN_UNINITIALIZED_AUTOS = YES;
				GCC_WARN_UNUSED_VARIABLE = YES;
				IPHONEOS_DEPLOYMENT_TARGET = 6.1;
				OTHER_CFLAGS = "-DNS_BLOCK_ASSERTIONS=1";
				SDKROOT = iphoneos;
				VALIDATE_PRODUCT = YES;
			};
			name = Release;
		};
		B629D99916EDA9A8002D80E4 /* Debug */ = {
			isa = XCBuildConfiguration;
			buildSettings = {
				CODE_SIGN_IDENTITY = "iPhone Developer";
				"CODE_SIGN_IDENTITY[sdk=iphoneos*]" = "iPhone Developer";
				GCC_PRECOMPILE_PREFIX_HEADER = YES;
				GCC_PREFIX_HEADER = "WZGuideViewController/WZGuideViewController-Prefix.pch";
				INFOPLIST_FILE = "WZGuideViewController/WZGuideViewController-Info.plist";
				IPHONEOS_DEPLOYMENT_TARGET = 5.0;
				PRODUCT_NAME = "$(TARGET_NAME)";
				PROVISIONING_PROFILE = "";
				"PROVISIONING_PROFILE[sdk=iphoneos*]" = "";
				WRAPPER_EXTENSION = app;
			};
			name = Debug;
		};
		B629D99A16EDA9A8002D80E4 /* Release */ = {
			isa = XCBuildConfiguration;
			buildSettings = {
				CODE_SIGN_IDENTITY = "iPhone Developer";
				"CODE_SIGN_IDENTITY[sdk=iphoneos*]" = "iPhone Developer";
				GCC_PRECOMPILE_PREFIX_HEADER = YES;
				GCC_PREFIX_HEADER = "WZGuideViewController/WZGuideViewController-Prefix.pch";
				INFOPLIST_FILE = "WZGuideViewController/WZGuideViewController-Info.plist";
				IPHONEOS_DEPLOYMENT_TARGET = 5.0;
				PRODUCT_NAME = "$(TARGET_NAME)";
				PROVISIONING_PROFILE = "";
				"PROVISIONING_PROFILE[sdk=iphoneos*]" = "";
				WRAPPER_EXTENSION = app;
			};
			name = Release;
		};
/* End XCBuildConfiguration section */

/* Begin XCConfigurationList section */
		B629D97016EDA9A8002D80E4 /* Build configuration list for PBXProject "WZGuideViewController" */ = {
			isa = XCConfigurationList;
			buildConfigurations = (
				B629D99616EDA9A8002D80E4 /* Debug */,
				B629D99716EDA9A8002D80E4 /* Release */,
			);
			defaultConfigurationIsVisible = 0;
			defaultConfigurationName = Release;
		};
		B629D99816EDA9A8002D80E4 /* Build configuration list for PBXNativeTarget "WZGuideViewController" */ = {
			isa = XCConfigurationList;
			buildConfigurations = (
				B629D99916EDA9A8002D80E4 /* Debug */,
				B629D99A16EDA9A8002D80E4 /* Release */,
			);
			defaultConfigurationIsVisible = 0;
			defaultConfigurationName = Release;
		};
/* End XCConfigurationList section */
	};
	rootObject = B629D96D16EDA9A8002D80E4 /* Project object */;
}
